
Microsoft Visual Studio Solution File, Format Version 12.00
# Visual Studio Version 16
VisualStudioVersion = 16.0.30711.63
MinimumVisualStudioVersion = 10.0.40219.1
Project("{FAE04EC0-301F-11D3-BF4B-00C04F79EFBC}") = "CsharpDesignPatterns", "CsharpDesignPatterns\CsharpDesignPatterns.csproj", "{F5A862E6-A01E-40A1-96F1-485DCE59F38A}"
EndProject
Global
	GlobalSection(SolutionConfigurationPlatforms) = preSolution
		Debug|Any CPU = Debug|Any CPU
		Release|Any CPU = Release|Any CPU
	EndGlobalSection
	GlobalSection(ProjectConfigurationPlatforms) = postSolution
		{F5A862E6-A01E-40A1-96F1-485DCE59F38A}.Debug|Any CPU.ActiveCfg = Debug|Any CPU
		{F5A862E6-A01E-40A1-96F1-485DCE59F38A}.Debug|Any CPU.Build.0 = Debug|Any CPU
		{F5A862E6-A01E-40A1-96F1-485DCE59F38A}.Release|Any CPU.ActiveCfg = Release|Any CPU
		{F5A862E6-A01E-40A1-96F1-485DCE59F38A}.Release|Any CPU.Build.0 = Release|Any CPU
	EndGlobalSection
	GlobalSection(SolutionProperties) = preSolution
		HideSolutionNode = FALSE
	EndGlobalSection
	GlobalSection(ExtensibilityGlobals) = postSolution
		SolutionGuid = {ABA3F17E-6480-45F6-941A-1BA408A3FAE4}
	EndGlobalSection
EndGlobal
